
Microsoft Visual Studio Solution File, Format Version 12.00
# Visual Studio Version 17
VisualStudioVersion = 17.4.33213.308
MinimumVisualStudioVersion = 10.0.40219.1
Project("{FAE04EC0-301F-11D3-BF4B-00C04F79EFBC}") = "Kp_task1_basics", "Kp_task1_basics\Kp_task1_basics.csproj", "{234A24CA-0CA5-42CE-A38D-F8E8F291925A}"
EndProject
Global
	GlobalSection(SolutionConfigurationPlatforms) = preSolution
		Debug|Any CPU = Debug|Any CPU
		Release|Any CPU = Release|Any CPU
	EndGlobalSection
	GlobalSection(ProjectConfigurationPlatforms) = postSolution
		{234A24CA-0CA5-42CE-A38D-F8E8F291925A}.Debug|Any CPU.ActiveCfg = Debug|Any CPU
		{234A24CA-0CA5-42CE-A38D-F8E8F291925A}.Debug|Any CPU.Build.0 = Debug|Any CPU
		{234A24CA-0CA5-42CE-A38D-F8E8F291925A}.Release|Any CPU.ActiveCfg = Release|Any CPU
		{234A24CA-0CA5-42CE-A38D-F8E8F291925A}.Release|Any CPU.Build.0 = Release|Any CPU
	EndGlobalSection
	GlobalSection(SolutionProperties) = preSolution
		HideSolutionNode = FALSE
	EndGlobalSection
	GlobalSection(ExtensibilityGlobals) = postSolution
		SolutionGuid = {CA15E5DE-33FD-4050-A0C3-5780BD78B402}
	EndGlobalSection
EndGlobal
